github.com/davecgh/go-spew v1.1.0 h1:ZDRjVQ15GmhC3fiQ8ni8+OwkZQO4DARzQgrnXU1Liz8=
github.com/freshcn/qqwry v1.0.2 h1:ZyZ71VG/Or6XSqjsZxj38UubKQtive+y5JcMYXMmjbs=
github.com/freshcn/qqwry v1.0.2/go.mod h1:W3/SQ9Bz9jTuVMrbwSeUBBfDQe0FW5poNdn0Ze9X7t4=
github.com/ip2location/ip2location-go/v9 v9.7.1 h1:eXu/DqS13QE0h1Yrc9oji+6/anLD9KDf6Ulf5GdIQs8=
github.com/ip2location/ip2location-go/v9 v9.7.1/go.mod h1:MPLnsKxwQlvd2lBNcQCsLoyzJLDBFizuO67wXXdzoyI=
github.com/ip2location/ip2proxy-go/v4 v4.1.0 h1:eHd4WL6Fk21TcKRXxCuyBTcW2ZPfWWiAA5Qd5PCM1G4=
github.com/ip2location/ip2proxy-go/v4 v4.1.0/go.mod h1:knSLTGvow2tCTxGuZNACMiqRW7h9u/F7KFrPa8HBJ8U=
github.com/ipipdotnet/ipdb-go v1.3.3 h1:GLSAW9ypLUd6EF9QNK2Uhxew9Jzs4XMJ9gOZEFnJm7U=
github.com/ipipdotnet/ipdb-go v1.3.3/go.mod h1:yZ+8puwe3R37a/3qRftXo40nZVQbxYDLqls9o5foexs=
github.com/oschwald/geoip2-golang v1.7.0 h1:JW1r5AKi+vv2ujSxjKthySK3jo8w8oKWPyXsw+Qs/S8=
github.com/oschwald/geoip2-golang v1.7.0/go.mod h1:mdI/C7iK7NVMcIDDtf4bCKMJ7r0o7UwGeCo9eiitCMQ=
github.com/oschwald/maxminddb-golang v1.9.0 h1:tIk4nv6VT9OiPyrnDAfJS1s1xKDQMZOsGojab6EjC1Y=
github.com/oschwald/maxminddb-golang v1.9.0/go.mod h1:TK+s/Z2oZq0rSl4PSeAEoP0bgm82Cp5HyvYbt8K3zLY=
github.com/pmezard/go-difflib v1.0.0 h1:4DBwDE0NGyQoBHbLQYPwSUPoCMWR5BEzIk/f1lZbAQM=
github.com/pquerna/ffjson v0.0.0-20190930134022-aa0246cd15f7 h1:xoIK0ctDddBMnc74udxJYBqlo9Ylnsp1waqjLsnef20=
github.com/pquerna/ffjson v0.0.0-20190930134022-aa0246cd15f7/go.mod h1:YARuvh7BUWHNhzDq2OM5tzR2RiCcN2D7sapiKyCel/M=
github.com/stretchr/testify v1.7.1 h1:5TQK59W5E3v0r2duFAb7P95B6hEeOyEnHRa8MjYSMTY=
github.com/yinheli/mahonia v0.0.0-20131226213531-0eef680515cc h1:7VHQaaNwHymWbj8lAcXMYX1qopebSBHwYC3ceXLWONU=
github.com/yinheli/mahonia v0.0.0-20131226213531-0eef680515cc/go.mod h1:Pcc297eVCbkDBBVq8FbnI+qDUeIMrHy4Bo7nveAuCAs=
github.com/yinheli/qqwry v0.0.0-20160229183603-f50680010f4a h1:VUPXGL4N1B5xqomxI4vZn0momgleh0hcH0PE/oIOsAI=
github.com/yinheli/qqwry v0.0.0-20160229183603-f50680010f4a/go.mod h1:Zva9ErVtC2arl+9xtHwiXujgejX1S3VpOYExADJ9kio=
golang.org/x/sys v0.0.0-20220502124256-b6088ccd6cba h1:AyHWHCBVlIYI5rgEM3o+1PLd0sLPcIAoaUckGQMaWtw=
golang.org/x/sys v0.0.0-20220502124256-b6088ccd6cba/go.mod h1:oPkhp1MJrh7nUepCBck5+mAzfO9JrbApNNgaTdGDITg=
golang.org/x/text v0.27.0 h1:4fGWRpyh641NLlecmyl4LOe6yDdfaYNrGb2zdfo4JV4=
golang.org/x/text v0.27.0/go.mod h1:1D28KMCvyooCX9hBiosv5Tz/+YLxj0j7XhWjpSUF7CU=
gopkg.in/yaml.v3 v3.0.0-20200313102051-9f266ea9e77c h1:dUUwHk2QECo/6vqA44rthZ8ie2QXMNeKRTHCNY2nXvo=
lukechampine.com/uint128 v1.2.0 h1:mBi/5l91vocEN8otkC5bDLhi2KdCticRiwbdB0O+rjI=
lukechampine.com/uint128 v1.2.0/go.mod h1:c4eWIwlEGaxC/+H1VguhU4PHXNWDCDMUlWdIWl2j1gk=
